
Microsoft Visual Studio Solution File, Format Version 12.00
# Visual Studio Version 16
VisualStudioVersion = 16.0.29102.190
MinimumVisualStudioVersion = 10.0.40219.1
Project("{FAE04EC0-301F-11D3-BF4B-00C04F79EFBC}") = "projectApi.Api", "src\projectApi.Api\projectApi.Api.csproj", "{A36A81B4-4E37-4BAB-88EE-837A51CFD370}"
EndProject
Project("{9A19103F-16F7-4668-BE54-9A1E7A4F7556}") = "projectApi.Common", "src\projectApi.Common\projectApi.Common.csproj", "{10F470AF-B151-44B9-83AF-4516FE205EAB}"
EndProject
Global
	GlobalSection(SolutionConfigurationPlatforms) = preSolution
		Debug|Any CPU = Debug|Any CPU
		Release|Any CPU = Release|Any CPU
	EndGlobalSection
	GlobalSection(ProjectConfigurationPlatforms) = postSolution
		{A36A81B4-4E37-4BAB-88EE-837A51CFD370}.Debug|Any CPU.ActiveCfg = Debug|Any CPU
		{A36A81B4-4E37-4BAB-88EE-837A51CFD370}.Debug|Any CPU.Build.0 = Debug|Any CPU
		{A36A81B4-4E37-4BAB-88EE-837A51CFD370}.Release|Any CPU.ActiveCfg = Release|Any CPU
		{A36A81B4-4E37-4BAB-88EE-837A51CFD370}.Release|Any CPU.Build.0 = Release|Any CPU
		{10F470AF-B151-44B9-83AF-4516FE205EAB}.Debug|Any CPU.ActiveCfg = Debug|Any CPU
		{10F470AF-B151-44B9-83AF-4516FE205EAB}.Debug|Any CPU.Build.0 = Debug|Any CPU
		{10F470AF-B151-44B9-83AF-4516FE205EAB}.Release|Any CPU.ActiveCfg = Release|Any CPU
		{10F470AF-B151-44B9-83AF-4516FE205EAB}.Release|Any CPU.Build.0 = Release|Any CPU
	EndGlobalSection
	GlobalSection(SolutionProperties) = preSolution
		HideSolutionNode = FALSE
	EndGlobalSection
	GlobalSection(ExtensibilityGlobals) = postSolution
		SolutionGuid = {9A09ADE7-B716-4B06-A8F5-1655EDD12148}
	EndGlobalSection
EndGlobal
